
Microsoft Visual Studio Solution File, Format Version 12.00
# Visual Studio Version 16
VisualStudioVersion = 25.0.1704.1
MinimumVisualStudioVersion = 10.0.40219.1
Project("{FAE04EC0-301F-11D3-BF4B-00C04F79EFBC}") = "MSBuildChallenge", "MSBuildChallenge\MSBuildChallenge.csproj", "{B7023E2E-E2DC-44F3-86FB-0A012D31CE03}"
EndProject
Global
	GlobalSection(SolutionConfigurationPlatforms) = preSolution
		Debug|Any CPU = Debug|Any CPU
		Release|Any CPU = Release|Any CPU
	EndGlobalSection
	GlobalSection(ProjectConfigurationPlatforms) = postSolution
		{B7023E2E-E2DC-44F3-86FB-0A012D31CE03}.Debug|Any CPU.ActiveCfg = Debug|Any CPU
		{B7023E2E-E2DC-44F3-86FB-0A012D31CE03}.Debug|Any CPU.Build.0 = Debug|Any CPU
		{B7023E2E-E2DC-44F3-86FB-0A012D31CE03}.Release|Any CPU.ActiveCfg = Release|Any CPU
		{B7023E2E-E2DC-44F3-86FB-0A012D31CE03}.Release|Any CPU.Build.0 = Release|Any CPU
	EndGlobalSection
	GlobalSection(SolutionProperties) = preSolution
		HideSolutionNode = FALSE
	EndGlobalSection
	GlobalSection(ExtensibilityGlobals) = postSolution
		SolutionGuid = {A2FBC92E-CA5F-4AC8-9C7D-128DEDA5AFA4}
	EndGlobalSection
EndGlobal
